// !$*UTF8*$!
{
	archiveVersion = 1;
	classes = {
	};
	objectVersion = 56;
	objects = {

/* Begin PBXBuildFile section */
		885769882B3A15DC00A6C539 /* MissionView.swift in Sources */ = {isa = PBXBuildFile; fileRef = 885769872B3A15DC00A6C539 /* MissionView.swift */; };
		8857698A2B3A225700A6C539 /* AstronautView.swift in Sources */ = {isa = PBXBuildFile; fileRef = 885769892B3A225700A6C539 /* AstronautView.swift */; };
		8857698C2B3A260E00A6C539 /* CrewCarousel.swift in Sources */ = {isa = PBXBuildFile; fileRef = 8857698B2B3A260E00A6C539 /* CrewCarousel.swift */; };
		8857698E2B3A26DB00A6C539 /* CustomSeparator.swift in Sources */ = {isa = PBXBuildFile; fileRef = 8857698D2B3A26DB00A6C539 /* CustomSeparator.swift */; };
		885769902B3A289800A6C539 /* MissionsListItem.swift in Sources */ = {isa = PBXBuildFile; fileRef = 8857698F2B3A289800A6C539 /* MissionsListItem.swift */; };
		885769942B3A298700A6C539 /* MissionsGrid.swift in Sources */ = {isa = PBXBuildFile; fileRef = 885769932B3A298700A6C539 /* MissionsGrid.swift */; };
		88DCC36F2B387C6900DB1E25 /* SwiftUI_MoonshotApp.swift in Sources */ = {isa = PBXBuildFile; fileRef = 88DCC36E2B387C6900DB1E25 /* SwiftUI_MoonshotApp.swift */; };
		88DCC3712B387C6900DB1E25 /* ContentView.swift in Sources */ = {isa = PBXBuildFile; fileRef = 88DCC3702B387C6900DB1E25 /* ContentView.swift */; };
		88DCC3732B387C6C00DB1E25 /* Assets.xcassets in Resources */ = {isa = PBXBuildFile; fileRef = 88DCC3722B387C6C00DB1E25 /* Assets.xcassets */; };
		88DCC3762B387C6C00DB1E25 /* Preview Assets.xcassets in Resources */ = {isa = PBXBuildFile; fileRef = 88DCC3752B387C6C00DB1E25 /* Preview Assets.xcassets */; };
		88DCC37F2B3887E200DB1E25 /* astronauts.json in Resources */ = {isa = PBXBuildFile; fileRef = 88DCC37D2B3887E100DB1E25 /* astronauts.json */; };
		88DCC3802B3887E200DB1E25 /* missions.json in Resources */ = {isa = PBXBuildFile; fileRef = 88DCC37E2B3887E200DB1E25 /* missions.json */; };
		88DCC3822B38887100DB1E25 /* Austronaut.swift in Sources */ = {isa = PBXBuildFile; fileRef = 88DCC3812B38887100DB1E25 /* Austronaut.swift */; };
		88DCC3842B38890B00DB1E25 /* Bundle-Decodable.swift in Sources */ = {isa = PBXBuildFile; fileRef = 88DCC3832B38890B00DB1E25 /* Bundle-Decodable.swift */; };
		88DCC3862B38995400DB1E25 /* Mission.swift in Sources */ = {isa = PBXBuildFile; fileRef = 88DCC3852B38995400DB1E25 /* Mission.swift */; };
		88DCC3882B389FAE00DB1E25 /* Colot-Theme.swift in Sources */ = {isa = PBXBuildFile; fileRef = 88DCC3872B389FAE00DB1E25 /* Colot-Theme.swift */; };
/* End PBXBuildFile section */

/* Begin PBXFileReference section */
		885769872B3A15DC00A6C539 /* MissionView.swift */ = {isa = PBXFileReference; lastKnownFileType = sourcecode.swift; path = MissionView.swift; sourceTree = "<group>"; };
		885769892B3A225700A6C539 /* AstronautView.swift */ = {isa = PBXFileReference; lastKnownFileType = sourcecode.swift; path = AstronautView.swift; sourceTree = "<group>"; };
		8857698B2B3A260E00A6C539 /* CrewCarousel.swift */ = {isa = PBXFileReference; lastKnownFileType = sourcecode.swift; path = CrewCarousel.swift; sourceTree = "<group>"; };
		8857698D2B3A26DB00A6C539 /* CustomSeparator.swift */ = {isa = PBXFileReference; lastKnownFileType = sourcecode.swift; path = CustomSeparator.swift; sourceTree = "<group>"; };
		8857698F2B3A289800A6C539 /* MissionsListItem.swift */ = {isa = PBXFileReference; lastKnownFileType = sourcecode.swift; path = MissionsListItem.swift; sourceTree = "<group>"; };
		885769932B3A298700A6C539 /* MissionsGrid.swift */ = {isa = PBXFileReference; lastKnownFileType = sourcecode.swift; path = MissionsGrid.swift; sourceTree = "<group>"; };
		88DCC36B2B387C6900DB1E25 /* SwiftUI_Moonshot.app */ = {isa = PBXFileReference; explicitFileType = wrapper.application; includeInIndex = 0; path = SwiftUI_Moonshot.app; sourceTree = BUILT_PRODUCTS_DIR; };
		88DCC36E2B387C6900DB1E25 /* SwiftUI_MoonshotApp.swift */ = {isa = PBXFileReference; lastKnownFileType = sourcecode.swift; path = SwiftUI_MoonshotApp.swift; sourceTree = "<group>"; };
		88DCC3702B387C6900DB1E25 /* ContentView.swift */ = {isa = PBXFileReference; lastKnownFileType = sourcecode.swift; path = ContentView.swift; sourceTree = "<group>"; };
		88DCC3722B387C6C00DB1E25 /* Assets.xcassets */ = {isa = PBXFileReference; lastKnownFileType = folder.assetcatalog; path = Assets.xcassets; sourceTree = "<group>"; };
		88DCC3752B387C6C00DB1E25 /* Preview Assets.xcassets */ = {isa = PBXFileReference; lastKnownFileType = folder.assetcatalog; path = "Preview Assets.xcassets"; sourceTree = "<group>"; };
		88DCC37D2B3887E100DB1E25 /* astronauts.json */ = {isa = PBXFileReference; fileEncoding = 4; lastKnownFileType = text.json; path = astronauts.json; sourceTree = "<group>"; };
		88DCC37E2B3887E200DB1E25 /* missions.json */ = {isa = PBXFileReference; fileEncoding = 4; lastKnownFileType = text.json; path = missions.json; sourceTree = "<group>"; };
		88DCC3812B38887100DB1E25 /* Austronaut.swift */ = {isa = PBXFileReference; lastKnownFileType = sourcecode.swift; path = Austronaut.swift; sourceTree = "<group>"; };
		88DCC3832B38890B00DB1E25 /* Bundle-Decodable.swift */ = {isa = PBXFileReference; lastKnownFileType = sourcecode.swift; path = "Bundle-Decodable.swift"; sourceTree = "<group>"; };
		88DCC3852B38995400DB1E25 /* Mission.swift */ = {isa = PBXFileReference; lastKnownFileType = sourcecode.swift; path = Mission.swift; sourceTree = "<group>"; };
		88DCC3872B389FAE00DB1E25 /* Colot-Theme.swift */ = {isa = PBXFileReference; lastKnownFileType = sourcecode.swift; path = "Colot-Theme.swift"; sourceTree = "<group>"; };
/* End PBXFileReference section */

/* Begin PBXFrameworksBuildPhase section */
		88DCC3682B387C6900DB1E25 /* Frameworks */ = {
			isa = PBXFrameworksBuildPhase;
			buildActionMask = 2147483647;
			files = (
			);
			runOnlyForDeploymentPostprocessing = 0;
		};
/* End PBXFrameworksBuildPhase section */

/* Begin PBXGroup section */
		88DCC3622B387C6900DB1E25 = {
			isa = PBXGroup;
			children = (
				88DCC36D2B387C6900DB1E25 /* SwiftUI_Moonshot */,
				88DCC36C2B387C6900DB1E25 /* Products */,
			);
			sourceTree = "<group>";
		};
		88DCC36C2B387C6900DB1E25 /* Products */ = {
			isa = PBXGroup;
			children = (
				88DCC36B2B387C6900DB1E25 /* SwiftUI_Moonshot.app */,
			);
			name = Products;
			sourceTree = "<group>";
		};
		88DCC36D2B387C6900DB1E25 /* SwiftUI_Moonshot */ = {
			isa = PBXGroup;
			children = (
				88DCC37C2B3887D200DB1E25 /* Data */,
				88DCC36E2B387C6900DB1E25 /* SwiftUI_MoonshotApp.swift */,
				88DCC3852B38995400DB1E25 /* Mission.swift */,
				885769872B3A15DC00A6C539 /* MissionView.swift */,
				8857698F2B3A289800A6C539 /* MissionsListItem.swift */,
				8857698D2B3A26DB00A6C539 /* CustomSeparator.swift */,
				885769932B3A298700A6C539 /* MissionsGrid.swift */,
				8857698B2B3A260E00A6C539 /* CrewCarousel.swift */,
				885769892B3A225700A6C539 /* AstronautView.swift */,
				88DCC3702B387C6900DB1E25 /* ContentView.swift */,
				88DCC3872B389FAE00DB1E25 /* Colot-Theme.swift */,
				88DCC3812B38887100DB1E25 /* Austronaut.swift */,
				88DCC3722B387C6C00DB1E25 /* Assets.xcassets */,
				88DCC3742B387C6C00DB1E25 /* Preview Content */,
				88DCC3832B38890B00DB1E25 /* Bundle-Decodable.swift */,
			);
			path = SwiftUI_Moonshot;
			sourceTree = "<group>";
		};
		88DCC3742B387C6C00DB1E25 /* Preview Content */ = {
			isa = PBXGroup;
			children = (
				88DCC3752B387C6C00DB1E25 /* Preview Assets.xcassets */,
			);
			path = "Preview Content";
			sourceTree = "<group>";
		};
		88DCC37C2B3887D200DB1E25 /* Data */ = {
			isa = PBXGroup;
			children = (
				88DCC37D2B3887E100DB1E25 /* astronauts.json */,
				88DCC37E2B3887E200DB1E25 /* missions.json */,
			);
			path = Data;
			sourceTree = "<group>";
		};
/* End PBXGroup section */

/* Begin PBXNativeTarget section */
		88DCC36A2B387C6900DB1E25 /* SwiftUI_Moonshot */ = {
			isa = PBXNativeTarget;
			buildConfigurationList = 88DCC3792B387C6C00DB1E25 /* Build configuration list for PBXNativeTarget "SwiftUI_Moonshot" */;
			buildPhases = (
				88DCC3672B387C6900DB1E25 /* Sources */,
				88DCC3682B387C6900DB1E25 /* Frameworks */,
				88DCC3692B387C6900DB1E25 /* Resources */,
			);
			buildRules = (
			);
			dependencies = (
			);
			name = SwiftUI_Moonshot;
			productName = SwiftUI_Moonshot;
			productReference = 88DCC36B2B387C6900DB1E25 /* SwiftUI_Moonshot.app */;
			productType = "com.apple.product-type.application";
		};
/* End PBXNativeTarget section */

/* Begin PBXProject section */
		88DCC3632B387C6900DB1E25 /* Project object */ = {
			isa = PBXProject;
			attributes = {
				BuildIndependentTargetsInParallel = 1;
				LastSwiftUpdateCheck = 1500;
				LastUpgradeCheck = 1500;
				TargetAttributes = {
					88DCC36A2B387C6900DB1E25 = {
						CreatedOnToolsVersion = 15.0;
					};
				};
			};
			buildConfigurationList = 88DCC3662B387C6900DB1E25 /* Build configuration list for PBXProject "SwiftUI_Moonshot" */;
			compatibilityVersion = "Xcode 14.0";
			developmentRegion = en;
			hasScannedForEncodings = 0;
			knownRegions = (
				en,
				Base,
			);
			mainGroup = 88DCC3622B387C6900DB1E25;
			productRefGroup = 88DCC36C2B387C6900DB1E25 /* Products */;
			projectDirPath = "";
			projectRoot = "";
			targets = (
				88DCC36A2B387C6900DB1E25 /* SwiftUI_Moonshot */,
			);
		};
/* End PBXProject section */

/* Begin PBXResourcesBuildPhase section */
		88DCC3692B387C6900DB1E25 /* Resources */ = {
			isa = PBXResourcesBuildPhase;
			buildActionMask = 2147483647;
			files = (
				88DCC37F2B3887E200DB1E25 /* astronauts.json in Resources */,
				88DCC3762B387C6C00DB1E25 /* Preview Assets.xcassets in Resources */,
				88DCC3802B3887E200DB1E25 /* missions.json in Resources */,
				88DCC3732B387C6C00DB1E25 /* Assets.xcassets in Resources */,
			);
			runOnlyForDeploymentPostprocessing = 0;
		};
/* End PBXResourcesBuildPhase section */

/* Begin PBXSourcesBuildPhase section */
		88DCC3672B387C6900DB1E25 /* Sources */ = {
			isa = PBXSourcesBuildPhase;
			buildActionMask = 2147483647;
			files = (
				885769882B3A15DC00A6C539 /* MissionView.swift in Sources */,
				88DCC3712B387C6900DB1E25 /* ContentView.swift in Sources */,
				8857698E2B3A26DB00A6C539 /* CustomSeparator.swift in Sources */,
				885769942B3A298700A6C539 /* MissionsGrid.swift in Sources */,
				8857698A2B3A225700A6C539 /* AstronautView.swift in Sources */,
				885769902B3A289800A6C539 /* MissionsListItem.swift in Sources */,
				8857698C2B3A260E00A6C539 /* CrewCarousel.swift in Sources */,
				88DCC3822B38887100DB1E25 /* Austronaut.swift in Sources */,
				88DCC36F2B387C6900DB1E25 /* SwiftUI_MoonshotApp.swift in Sources */,
				88DCC3862B38995400DB1E25 /* Mission.swift in Sources */,
				88DCC3842B38890B00DB1E25 /* Bundle-Decodable.swift in Sources */,
				88DCC3882B389FAE00DB1E25 /* Colot-Theme.swift in Sources */,
			);
			runOnlyForDeploymentPostprocessing = 0;
		};
/* End PBXSourcesBuildPhase section */

/* Begin XCBuildConfiguration section */
		88DCC3772B387C6C00DB1E25 /* Debug */ = {
			isa = XCBuildConfiguration;
			buildSettings = {
				ALWAYS_SEARCH_USER_PATHS = NO;
				ASSETCATALOG_COMPILER_GENERATE_SWIFT_ASSET_SYMBOL_EXTENSIONS = YES;
				CLANG_ANALYZER_NONNULL = YES;
				CLANG_ANALYZER_NUMBER_OBJECT_CONVERSION = YES_AGGRESSIVE;
				CLANG_CXX_LANGUAGE_STANDARD = "gnu++20";
				CLANG_ENABLE_MODULES = YES;
				CLANG_ENABLE_OBJC_ARC = YES;
				CLANG_ENABLE_OBJC_WEAK = YES;
				CLANG_WARN_BLOCK_CAPTURE_AUTORELEASING = YES;
				CLANG_WARN_BOOL_CONVERSION = YES;
				CLANG_WARN_COMMA = YES;
				CLANG_WARN_CONSTANT_CONVERSION = YES;
				CLANG_WARN_DEPRECATED_OBJC_IMPLEMENTATIONS = YES;
				CLANG_WARN_DIRECT_OBJC_ISA_USAGE = YES_ERROR;
				CLANG_WARN_DOCUMENTATION_COMMENTS = YES;
				CLANG_WARN_EMPTY_BODY = YES;
				CLANG_WARN_ENUM_CONVERSION = YES;
				CLANG_WARN_INFINITE_RECURSION = YES;
				CLANG_WARN_INT_CONVERSION = YES;
				CLANG_WARN_NON_LITERAL_NULL_CONVERSION = YES;
				CLANG_WARN_OBJC_IMPLICIT_RETAIN_SELF = YES;
				CLANG_WARN_OBJC_LITERAL_CONVERSION = YES;
				CLANG_WARN_OBJC_ROOT_CLASS = YES_ERROR;
				CLANG_WARN_QUOTED_INCLUDE_IN_FRAMEWORK_HEADER = YES;
				CLANG_WARN_RANGE_LOOP_ANALYSIS = YES;
				CLANG_WARN_STRICT_PROTOTYPES = YES;
				CLANG_WARN_SUSPICIOUS_MOVE = YES;
				CLANG_WARN_UNGUARDED_AVAILABILITY = YES_AGGRESSIVE;
				CLANG_WARN_UNREACHABLE_CODE = YES;
				CLANG_WARN__DUPLICATE_METHOD_MATCH = YES;
				COPY_PHASE_STRIP = NO;
				DEBUG_INFORMATION_FORMAT = dwarf;
				ENABLE_STRICT_OBJC_MSGSEND = YES;
				ENABLE_TESTABILITY = YES;
				ENABLE_USER_SCRIPT_SANDBOXING = YES;
				GCC_C_LANGUAGE_STANDARD = gnu17;
				GCC_DYNAMIC_NO_PIC = NO;
				GCC_NO_COMMON_BLOCKS = YES;
				GCC_OPTIMIZATION_LEVEL = 0;
				GCC_PREPROCESSOR_DEFINITIONS = (
					"DEBUG=1",
					"$(inherited)",
				);
				GCC_WARN_64_TO_32_BIT_CONVERSION = YES;
				GCC_WARN_ABOUT_RETURN_TYPE = YES_ERROR;
				GCC_WARN_UNDECLARED_SELECTOR = YES;
				GCC_WARN_UNINITIALIZED_AUTOS = YES_AGGRESSIVE;
				GCC_WARN_UNUSED_FUNCTION = YES;
				GCC_WARN_UNUSED_VARIABLE = YES;
				IPHONEOS_DEPLOYMENT_TARGET = 17.0;
				LOCALIZATION_PREFERS_STRING_CATALOGS = YES;
				MTL_ENABLE_DEBUG_INFO = INCLUDE_SOURCE;
				MTL_FAST_MATH = YES;
				ONLY_ACTIVE_ARCH = YES;
				SDKROOT = iphoneos;
				SWIFT_ACTIVE_COMPILATION_CONDITIONS = "DEBUG $(inherited)";
				SWIFT_OPTIMIZATION_LEVEL = "-Onone";
			};
			name = Debug;
		};
		88DCC3782B387C6C00DB1E25 /* Release */ = {
			isa = XCBuildConfiguration;
			buildSettings = {
				ALWAYS_SEARCH_USER_PATHS = NO;
				ASSETCATALOG_COMPILER_GENERATE_SWIFT_ASSET_SYMBOL_EXTENSIONS = YES;
				CLANG_ANALYZER_NONNULL = YES;
				CLANG_ANALYZER_NUMBER_OBJECT_CONVERSION = YES_AGGRESSIVE;
				CLANG_CXX_LANGUAGE_STANDARD = "gnu++20";
				CLANG_ENABLE_MODULES = YES;
				CLANG_ENABLE_OBJC_ARC = YES;
				CLANG_ENABLE_OBJC_WEAK = YES;
				CLANG_WARN_BLOCK_CAPTURE_AUTORELEASING = YES;
				CLANG_WARN_BOOL_CONVERSION = YES;
				CLANG_WARN_COMMA = YES;
				CLANG_WARN_CONSTANT_CONVERSION = YES;
				CLANG_WARN_DEPRECATED_OBJC_IMPLEMENTATIONS = YES;
				CLANG_WARN_DIRECT_OBJC_ISA_USAGE = YES_ERROR;
				CLANG_WARN_DOCUMENTATION_COMMENTS = YES;
				CLANG_WARN_EMPTY_BODY = YES;
				CLANG_WARN_ENUM_CONVERSION = YES;
				CLANG_WARN_INFINITE_RECURSION = YES;
				CLANG_WARN_INT_CONVERSION = YES;
				CLANG_WARN_NON_LITERAL_NULL_CONVERSION = YES;
				CLANG_WARN_OBJC_IMPLICIT_RETAIN_SELF = YES;
				CLANG_WARN_OBJC_LITERAL_CONVERSION = YES;
				CLANG_WARN_OBJC_ROOT_CLASS = YES_ERROR;
				CLANG_WARN_QUOTED_INCLUDE_IN_FRAMEWORK_HEADER = YES;
				CLANG_WARN_RANGE_LOOP_ANALYSIS = YES;
				CLANG_WARN_STRICT_PROTOTYPES = YES;
				CLANG_WARN_SUSPICIOUS_MOVE = YES;
				CLANG_WARN_UNGUARDED_AVAILABILITY = YES_AGGRESSIVE;
				CLANG_WARN_UNREACHABLE_CODE = YES;
				CLANG_WARN__DUPLICATE_METHOD_MATCH = YES;
				COPY_PHASE_STRIP = NO;
				DEBUG_INFORMATION_FORMAT = "dwarf-with-dsym";
				ENABLE_NS_ASSERTIONS = NO;
				ENABLE_STRICT_OBJC_MSGSEND = YES;
				ENABLE_USER_SCRIPT_SANDBOXING = YES;
				GCC_C_LANGUAGE_STANDARD = gnu17;
				GCC_NO_COMMON_BLOCKS = YES;
				GCC_WARN_64_TO_32_BIT_CONVERSION = YES;
				GCC_WARN_ABOUT_RETURN_TYPE = YES_ERROR;
				GCC_WARN_UNDECLARED_SELECTOR = YES;
				GCC_WARN_UNINITIALIZED_AUTOS = YES_AGGRESSIVE;
				GCC_WARN_UNUSED_FUNCTION = YES;
				GCC_WARN_UNUSED_VARIABLE = YES;
				IPHONEOS_DEPLOYMENT_TARGET = 17.0;
				LOCALIZATION_PREFERS_STRING_CATALOGS = YES;
				MTL_ENABLE_DEBUG_INFO = NO;
				MTL_FAST_MATH = YES;
				SDKROOT = iphoneos;
				SWIFT_COMPILATION_MODE = wholemodule;
				VALIDATE_PRODUCT = YES;
			};
			name = Release;
		};
		88DCC37A2B387C6C00DB1E25 /* Debug */ = {
			isa = XCBuildConfiguration;
			buildSettings = {
				ASSETCATALOG_COMPILER_APPICON_NAME = AppIcon;
				ASSETCATALOG_COMPILER_GLOBAL_ACCENT_COLOR_NAME = AccentColor;
				CODE_SIGN_STYLE = Automatic;
				CURRENT_PROJECT_VERSION = 1;
				DEVELOPMENT_ASSET_PATHS = "\"SwiftUI_Moonshot/Preview Content\"";
				DEVELOPMENT_TEAM = 7774FU8B48;
				ENABLE_PREVIEWS = YES;
				GENERATE_INFOPLIST_FILE = YES;
				INFOPLIST_KEY_UIApplicationSceneManifest_Generation = YES;
				INFOPLIST_KEY_UIApplicationSupportsIndirectInputEvents = YES;
				INFOPLIST_KEY_UILaunchScreen_Generation = YES;
				INFOPLIST_KEY_UISupportedInterfaceOrientations_iPad = "UIInterfaceOrientationPortrait UIInterfaceOrientationPortraitUpsideDown UIInterfaceOrientationLandscapeLeft UIInterfaceOrientationLandscapeRight";
				INFOPLIST_KEY_UISupportedInterfaceOrientations_iPhone = "UIInterfaceOrientationPortrait UIInterfaceOrientationLandscapeLeft UIInterfaceOrientationLandscapeRight";
				LD_RUNPATH_SEARCH_PATHS = (
					"$(inherited)",
					"@executable_path/Frameworks",
				);
				MARKETING_VERSION = 1.0;
				PRODUCT_BUNDLE_IDENTIFIER = "com.example.SwiftUI-Moonshot";
				PRODUCT_NAME = "$(TARGET_NAME)";
				SWIFT_EMIT_LOC_STRINGS = YES;
				SWIFT_VERSION = 5.0;
				TARGETED_DEVICE_FAMILY = "1,2";
			};
			name = Debug;
		};
		88DCC37B2B387C6C00DB1E25 /* Release */ = {
			isa = XCBuildConfiguration;
			buildSettings = {
				ASSETCATALOG_COMPILER_APPICON_NAME = AppIcon;
				ASSETCATALOG_COMPILER_GLOBAL_ACCENT_COLOR_NAME = AccentColor;
				CODE_SIGN_STYLE = Automatic;
				CURRENT_PROJECT_VERSION = 1;
				DEVELOPMENT_ASSET_PATHS = "\"SwiftUI_Moonshot/Preview Content\"";
				DEVELOPMENT_TEAM = 7774FU8B48;
				ENABLE_PREVIEWS = YES;
				GENERATE_INFOPLIST_FILE = YES;
				INFOPLIST_KEY_UIApplicationSceneManifest_Generation = YES;
				INFOPLIST_KEY_UIApplicationSupportsIndirectInputEvents = YES;
				INFOPLIST_KEY_UILaunchScreen_Generation = YES;
				INFOPLIST_KEY_UISupportedInterfaceOrientations_iPad = "UIInterfaceOrientationPortrait UIInterfaceOrientationPortraitUpsideDown UIInterfaceOrientationLandscapeLeft UIInterfaceOrientationLandscapeRight";
				INFOPLIST_KEY_UISupportedInterfaceOrientations_iPhone = "UIInterfaceOrientationPortrait UIInterfaceOrientationLandscapeLeft UIInterfaceOrientationLandscapeRight";
				LD_RUNPATH_SEARCH_PATHS = (
					"$(inherited)",
					"@executable_path/Frameworks",
				);
				MARKETING_VERSION = 1.0;
				PRODUCT_BUNDLE_IDENTIFIER = "com.example.SwiftUI-Moonshot";
				PRODUCT_NAME = "$(TARGET_NAME)";
				SWIFT_EMIT_LOC_STRINGS = YES;
				SWIFT_VERSION = 5.0;
				TARGETED_DEVICE_FAMILY = "1,2";
			};
			name = Release;
		};
/* End XCBuildConfiguration section */

/* Begin XCConfigurationList section */
		88DCC3662B387C6900DB1E25 /* Build configuration list for PBXProject "SwiftUI_Moonshot" */ = {
			isa = XCConfigurationList;
			buildConfigurations = (
				88DCC3772B387C6C00DB1E25 /* Debug */,
				88DCC3782B387C6C00DB1E25 /* Release */,
			);
			defaultConfigurationIsVisible = 0;
			defaultConfigurationName = Release;
		};
		88DCC3792B387C6C00DB1E25 /* Build configuration list for PBXNativeTarget "SwiftUI_Moonshot" */ = {
			isa = XCConfigurationList;
			buildConfigurations = (
				88DCC37A2B387C6C00DB1E25 /* Debug */,
				88DCC37B2B387C6C00DB1E25 /* Release */,
			);
			defaultConfigurationIsVisible = 0;
			defaultConfigurationName = Release;
		};
/* End XCConfigurationList section */
	};
	rootObject = 88DCC3632B387C6900DB1E25 /* Project object */;
}
